
Microsoft Visual Studio Solution File, Format Version 12.00
# Visual Studio 2013
VisualStudioVersion = 12.0.31101.0
MinimumVisualStudioVersion = 10.0.40219.1
Project("{FAE04EC0-301F-11D3-BF4B-00C04F79EFBC}") = "SGv2+", "SGPP\SGv2+.csproj", "{66B4BADD-6209-4AB1-AAB1-DC20AF3DE44A}"
EndProject
Global
	GlobalSection(SolutionConfigurationPlatforms) = preSolution
		Debug|Any CPU = Debug|Any CPU
		Release|Any CPU = Release|Any CPU
	EndGlobalSection
	GlobalSection(ProjectConfigurationPlatforms) = postSolution
		{66B4BADD-6209-4AB1-AAB1-DC20AF3DE44A}.Debug|Any CPU.ActiveCfg = Debug|Any CPU
		{66B4BADD-6209-4AB1-AAB1-DC20AF3DE44A}.Debug|Any CPU.Build.0 = Debug|Any CPU
		{66B4BADD-6209-4AB1-AAB1-DC20AF3DE44A}.Release|Any CPU.ActiveCfg = Release|Any CPU
		{66B4BADD-6209-4AB1-AAB1-DC20AF3DE44A}.Release|Any CPU.Build.0 = Release|Any CPU
	EndGlobalSection
	GlobalSection(SolutionProperties) = preSolution
		HideSolutionNode = FALSE
	EndGlobalSection
EndGlobal
